{
  "name": "xtabla",
  "version": "1.0.0",
  "lockfileVersion": 1,
  "requires": true,
  "dependencies": {
    "basictable": {
      "version": "1.0.9",
      "resolved": "https://registry.npmjs.org/basictable/-/basictable-1.0.9.tgz",
      "integrity": "sha512-yjdATUNCL2bM8WQTfhVnEZmtXSttiDotZOK5S0PCFydDnMmUa03OsM8NLtwJMRwNGl/oNBtLtvmzfwIdCXr0eQ=="
    }
  }
}
